
Microsoft Visual Studio Solution File, Format Version 12.00
# Visual Studio Version 17
VisualStudioVersion = 17.10.35027.167
MinimumVisualStudioVersion = 10.0.40219.1
Project("{9A19103F-16F7-4668-BE54-9A1E7A4F7556}") = "Assignment_BE", "Assignment_BE\Assignment_BE.csproj", "{4687FCBA-787F-4D5E-8953-5C38DCB526B8}"
EndProject
Project("{9A19103F-16F7-4668-BE54-9A1E7A4F7556}") = "Assignment_BE.UnitTests", "Assignment_BE.UnitTests\Assignment_BE.UnitTests.csproj", "{17AB74B6-930D-4CDF-8E35-B01E85973DEA}"
EndProject
Global
	GlobalSection(SolutionConfigurationPlatforms) = preSolution
		Debug|Any CPU = Debug|Any CPU
		Release|Any CPU = Release|Any CPU
	EndGlobalSection
	GlobalSection(ProjectConfigurationPlatforms) = postSolution
		{4687FCBA-787F-4D5E-8953-5C38DCB526B8}.Debug|Any CPU.ActiveCfg = Debug|Any CPU
		{4687FCBA-787F-4D5E-8953-5C38DCB526B8}.Debug|Any CPU.Build.0 = Debug|Any CPU
		{4687FCBA-787F-4D5E-8953-5C38DCB526B8}.Release|Any CPU.ActiveCfg = Release|Any CPU
		{4687FCBA-787F-4D5E-8953-5C38DCB526B8}.Release|Any CPU.Build.0 = Release|Any CPU
		{17AB74B6-930D-4CDF-8E35-B01E85973DEA}.Debug|Any CPU.ActiveCfg = Debug|Any CPU
		{17AB74B6-930D-4CDF-8E35-B01E85973DEA}.Debug|Any CPU.Build.0 = Debug|Any CPU
		{17AB74B6-930D-4CDF-8E35-B01E85973DEA}.Release|Any CPU.ActiveCfg = Release|Any CPU
		{17AB74B6-930D-4CDF-8E35-B01E85973DEA}.Release|Any CPU.Build.0 = Release|Any CPU
	EndGlobalSection
	GlobalSection(SolutionProperties) = preSolution
		HideSolutionNode = FALSE
	EndGlobalSection
	GlobalSection(ExtensibilityGlobals) = postSolution
		SolutionGuid = {523E4AC2-2324-401E-9FA0-D82083546BDD}
	EndGlobalSection
EndGlobal
